{
  "name": "scry",
  "version": "0.0.1",
  "lockfileVersion": 2,
  "requires": true,
  "packages": {
    "": {
      "version": "0.0.1",
      "dependencies": {
        "commander": "^8.3.0",
        "yarn": "2.4.3"
      },
      "bin": {
        "scry": "bin/scry.js"
      }
    },
    "node_modules/commander": {
      "version": "8.3.0",
      "resolved": "https://registry.npmjs.org/commander/-/commander-8.3.0.tgz",
      "integrity": "sha512-OkTL9umf+He2DZkUq8f8J9of7yL6RJKI24dVITBmNfZBmri9zYZQrKkuXiKhyfPSu8tUhnVBB1iKXevvnlR4Ww==",
      "engines": {
        "node": ">= 12"
      }
    },
    "node_modules/yarn": {
      "version": "2.4.3",
      "resolved": "https://registry.npmjs.org/yarn/-/yarn-2.4.3.tgz",
      "integrity": "sha512-HQ8VJL8v1Tlq+VVzcohmYw7dHtZ6VUB4/b2oHRGQc6Xv00AQjVk4C6cyqu4iHRI4esfgIi8S9doOm1d3Z3MlPA==",
      "bin": {
        "yarn": "bin/yarn.js",
        "yarnpkg": "bin/yarn.js"
      },
      "engines": {
        "node": ">=10"
      }
    }
  },
  "dependencies": {
    "commander": {
      "version": "8.3.0",
      "resolved": "https://registry.npmjs.org/commander/-/commander-8.3.0.tgz",
      "integrity": "sha512-OkTL9umf+He2DZkUq8f8J9of7yL6RJKI24dVITBmNfZBmri9zYZQrKkuXiKhyfPSu8tUhnVBB1iKXevvnlR4Ww=="
    },
    "yarn": {
      "version": "2.4.3",
      "resolved": "https://registry.npmjs.org/yarn/-/yarn-2.4.3.tgz",
      "integrity": "sha512-HQ8VJL8v1Tlq+VVzcohmYw7dHtZ6VUB4/b2oHRGQc6Xv00AQjVk4C6cyqu4iHRI4esfgIi8S9doOm1d3Z3MlPA=="
    }
  }
}
